
Microsoft Visual Studio Solution File, Format Version 12.00
# Visual Studio Version 17
VisualStudioVersion = 17.3.32929.385
MinimumVisualStudioVersion = 10.0.40219.1
Project("{9A19103F-16F7-4668-BE54-9A1E7A4F7556}") = "My-Web-Project(LandMarks)", "My-Web-Project(LandMarks)\My-Web-Project(LandMarks).csproj", "{812A14F4-F999-491E-AAF1-1477B268737B}"
EndProject
Project("{9A19103F-16F7-4668-BE54-9A1E7A4F7556}") = "MyWebProject.Core", "MyWebProject.Core\MyWebProject.Core.csproj", "{3DCC5BA0-6406-4914-B415-635C918B48E3}"
EndProject
Project("{9A19103F-16F7-4668-BE54-9A1E7A4F7556}") = "MyWebProject.Infrastructure", "MyWebProject.Infrastructure\MyWebProject.Infrastructure.csproj", "{B3FB84E6-796F-4B0B-80EE-E7FE2017BDB9}"
EndProject
Global
	GlobalSection(SolutionConfigurationPlatforms) = preSolution
		Debug|Any CPU = Debug|Any CPU
		Release|Any CPU = Release|Any CPU
	EndGlobalSection
	GlobalSection(ProjectConfigurationPlatforms) = postSolution
		{812A14F4-F999-491E-AAF1-1477B268737B}.Debug|Any CPU.ActiveCfg = Debug|Any CPU
		{812A14F4-F999-491E-AAF1-1477B268737B}.Debug|Any CPU.Build.0 = Debug|Any CPU
		{812A14F4-F999-491E-AAF1-1477B268737B}.Release|Any CPU.ActiveCfg = Release|Any CPU
		{812A14F4-F999-491E-AAF1-1477B268737B}.Release|Any CPU.Build.0 = Release|Any CPU
		{3DCC5BA0-6406-4914-B415-635C918B48E3}.Debug|Any CPU.ActiveCfg = Debug|Any CPU
		{3DCC5BA0-6406-4914-B415-635C918B48E3}.Debug|Any CPU.Build.0 = Debug|Any CPU
		{3DCC5BA0-6406-4914-B415-635C918B48E3}.Release|Any CPU.ActiveCfg = Release|Any CPU
		{3DCC5BA0-6406-4914-B415-635C918B48E3}.Release|Any CPU.Build.0 = Release|Any CPU
		{B3FB84E6-796F-4B0B-80EE-E7FE2017BDB9}.Debug|Any CPU.ActiveCfg = Debug|Any CPU
		{B3FB84E6-796F-4B0B-80EE-E7FE2017BDB9}.Debug|Any CPU.Build.0 = Debug|Any CPU
		{B3FB84E6-796F-4B0B-80EE-E7FE2017BDB9}.Release|Any CPU.ActiveCfg = Release|Any CPU
		{B3FB84E6-796F-4B0B-80EE-E7FE2017BDB9}.Release|Any CPU.Build.0 = Release|Any CPU
	EndGlobalSection
	GlobalSection(SolutionProperties) = preSolution
		HideSolutionNode = FALSE
	EndGlobalSection
	GlobalSection(ExtensibilityGlobals) = postSolution
		SolutionGuid = {12892EDF-055C-4BBE-9927-DEDB4FEF5560}
	EndGlobalSection
EndGlobal
